// !$*UTF8*$!
{
	archiveVersion = 1;
	classes = {
	};
	objectVersion = 46;
	objects = {

/* Begin PBXBuildFile section */
		DB6531C51D6DF136005457B4 /* FlickrClient.swift in Sources */ = {isa = PBXBuildFile; fileRef = DB6531C41D6DF136005457B4 /* FlickrClient.swift */; };
		DB6531C71D6DF2A8005457B4 /* GCDBlackBox.swift in Sources */ = {isa = PBXBuildFile; fileRef = DB6531C61D6DF2A8005457B4 /* GCDBlackBox.swift */; };
		DB6531C91D6DFBDA005457B4 /* Constants.swift in Sources */ = {isa = PBXBuildFile; fileRef = DB6531C81D6DFBDA005457B4 /* Constants.swift */; };
		DB6531CB1D6E2ACC005457B4 /* CustomCell.swift in Sources */ = {isa = PBXBuildFile; fileRef = DB6531CA1D6E2ACC005457B4 /* CustomCell.swift */; };
		DB6531D31D709E76005457B4 /* Pin+CoreDataProperties.swift in Sources */ = {isa = PBXBuildFile; fileRef = DB6531CF1D709E76005457B4 /* Pin+CoreDataProperties.swift */; };
		DB6531D41D709E76005457B4 /* Pin.swift in Sources */ = {isa = PBXBuildFile; fileRef = DB6531D01D709E76005457B4 /* Pin.swift */; };
		DB6531D51D709E76005457B4 /* Photo+CoreDataProperties.swift in Sources */ = {isa = PBXBuildFile; fileRef = DB6531D11D709E76005457B4 /* Photo+CoreDataProperties.swift */; };
		DB6531D61D709E76005457B4 /* Photo.swift in Sources */ = {isa = PBXBuildFile; fileRef = DB6531D21D709E76005457B4 /* Photo.swift */; };
		DBCAE6C11D6CC51200D1F6F0 /* AppDelegate.swift in Sources */ = {isa = PBXBuildFile; fileRef = DBCAE6C01D6CC51200D1F6F0 /* AppDelegate.swift */; };
		DBCAE6C31D6CC51200D1F6F0 /* MapViewController.swift in Sources */ = {isa = PBXBuildFile; fileRef = DBCAE6C21D6CC51200D1F6F0 /* MapViewController.swift */; };
		DBCAE6C61D6CC51200D1F6F0 /* Main.storyboard in Resources */ = {isa = PBXBuildFile; fileRef = DBCAE6C41D6CC51200D1F6F0 /* Main.storyboard */; };
		DBCAE6C91D6CC51200D1F6F0 /* VirtualTourist.xcdatamodeld in Sources */ = {isa = PBXBuildFile; fileRef = DBCAE6C71D6CC51200D1F6F0 /* VirtualTourist.xcdatamodeld */; };
		DBCAE6CB1D6CC51200D1F6F0 /* Assets.xcassets in Resources */ = {isa = PBXBuildFile; fileRef = DBCAE6CA1D6CC51200D1F6F0 /* Assets.xcassets */; };
		DBCAE6CE1D6CC51200D1F6F0 /* LaunchScreen.storyboard in Resources */ = {isa = PBXBuildFile; fileRef = DBCAE6CC1D6CC51200D1F6F0 /* LaunchScreen.storyboard */; };
		DBCAE6D91D6CC51200D1F6F0 /* VirtualTouristTests.swift in Sources */ = {isa = PBXBuildFile; fileRef = DBCAE6D81D6CC51200D1F6F0 /* VirtualTouristTests.swift */; };
		DBCAE6E41D6CC51200D1F6F0 /* VirtualTouristUITests.swift in Sources */ = {isa = PBXBuildFile; fileRef = DBCAE6E31D6CC51200D1F6F0 /* VirtualTouristUITests.swift */; };
		DBCAE6F41D6CCC8500D1F6F0 /* MapKit.framework in Frameworks */ = {isa = PBXBuildFile; fileRef = DBCAE6F31D6CCC8500D1F6F0 /* MapKit.framework */; };
		DBCAE6F61D6CDCBE00D1F6F0 /* CollectionViewController.swift in Sources */ = {isa = PBXBuildFile; fileRef = DBCAE6F51D6CDCBE00D1F6F0 /* CollectionViewController.swift */; };
/* End PBXBuildFile section */

/* Begin PBXContainerItemProxy section */
		DBCAE6D51D6CC51200D1F6F0 /* PBXContainerItemProxy */ = {
			isa = PBXContainerItemProxy;
			containerPortal = DBCAE6B51D6CC51100D1F6F0 /* Project object */;
			proxyType = 1;
			remoteGlobalIDString = DBCAE6BC1D6CC51100D1F6F0;
			remoteInfo = VirtualTourist;
		};
		DBCAE6E01D6CC51200D1F6F0 /* PBXContainerItemProxy */ = {
			isa = PBXContainerItemProxy;
			containerPortal = DBCAE6B51D6CC51100D1F6F0 /* Project object */;
			proxyType = 1;
			remoteGlobalIDString = DBCAE6BC1D6CC51100D1F6F0;
			remoteInfo = VirtualTourist;
		};
/* End PBXContainerItemProxy section */

/* Begin PBXFileReference section */
		DB6531C41D6DF136005457B4 /* FlickrClient.swift */ = {isa = PBXFileReference; fileEncoding = 4; lastKnownFileType = sourcecode.swift; path = FlickrClient.swift; sourceTree = "<group>"; };
		DB6531C61D6DF2A8005457B4 /* GCDBlackBox.swift */ = {isa = PBXFileReference; fileEncoding = 4; lastKnownFileType = sourcecode.swift; path = GCDBlackBox.swift; sourceTree = "<group>"; };
		DB6531C81D6DFBDA005457B4 /* Constants.swift */ = {isa = PBXFileReference; fileEncoding = 4; lastKnownFileType = sourcecode.swift; path = Constants.swift; sourceTree = "<group>"; };
		DB6531CA1D6E2ACC005457B4 /* CustomCell.swift */ = {isa = PBXFileReference; fileEncoding = 4; lastKnownFileType = sourcecode.swift; path = CustomCell.swift; sourceTree = "<group>"; };
		DB6531CF1D709E76005457B4 /* Pin+CoreDataProperties.swift */ = {isa = PBXFileReference; fileEncoding = 4; lastKnownFileType = sourcecode.swift; name = "Pin+CoreDataProperties.swift"; path = "../Pin+CoreDataProperties.swift"; sourceTree = "<group>"; };
		DB6531D01D709E76005457B4 /* Pin.swift */ = {isa = PBXFileReference; fileEncoding = 4; lastKnownFileType = sourcecode.swift; name = Pin.swift; path = ../Pin.swift; sourceTree = "<group>"; };
		DB6531D11D709E76005457B4 /* Photo+CoreDataProperties.swift */ = {isa = PBXFileReference; fileEncoding = 4; lastKnownFileType = sourcecode.swift; name = "Photo+CoreDataProperties.swift"; path = "../Photo+CoreDataProperties.swift"; sourceTree = "<group>"; };
		DB6531D21D709E76005457B4 /* Photo.swift */ = {isa = PBXFileReference; fileEncoding = 4; lastKnownFileType = sourcecode.swift; name = Photo.swift; path = ../Photo.swift; sourceTree = "<group>"; };
		DBCAE6BD1D6CC51100D1F6F0 /* VirtualTourist.app */ = {isa = PBXFileReference; explicitFileType = wrapper.application; includeInIndex = 0; path = VirtualTourist.app; sourceTree = BUILT_PRODUCTS_DIR; };
		DBCAE6C01D6CC51200D1F6F0 /* AppDelegate.swift */ = {isa = PBXFileReference; lastKnownFileType = sourcecode.swift; path = AppDelegate.swift; sourceTree = "<group>"; };
		DBCAE6C21D6CC51200D1F6F0 /* MapViewController.swift */ = {isa = PBXFileReference; lastKnownFileType = sourcecode.swift; path = MapViewController.swift; sourceTree = "<group>"; };
		DBCAE6C51D6CC51200D1F6F0 /* Base */ = {isa = PBXFileReference; lastKnownFileType = file.storyboard; name = Base; path = Base.lproj/Main.storyboard; sourceTree = "<group>"; };
		DBCAE6C81D6CC51200D1F6F0 /* VirtualTourist.xcdatamodel */ = {isa = PBXFileReference; lastKnownFileType = wrapper.xcdatamodel; path = VirtualTourist.xcdatamodel; sourceTree = "<group>"; };
		DBCAE6CA1D6CC51200D1F6F0 /* Assets.xcassets */ = {isa = PBXFileReference; lastKnownFileType = folder.assetcatalog; path = Assets.xcassets; sourceTree = "<group>"; };
		DBCAE6CD1D6CC51200D1F6F0 /* Base */ = {isa = PBXFileReference; lastKnownFileType = file.storyboard; name = Base; path = Base.lproj/LaunchScreen.storyboard; sourceTree = "<group>"; };
		DBCAE6CF1D6CC51200D1F6F0 /* Info.plist */ = {isa = PBXFileReference; lastKnownFileType = text.plist.xml; path = Info.plist; sourceTree = "<group>"; };
		DBCAE6D41D6CC51200D1F6F0 /* VirtualTouristTests.xctest */ = {isa = PBXFileReference; explicitFileType = wrapper.cfbundle; includeInIndex = 0; path = VirtualTouristTests.xctest; sourceTree = BUILT_PRODUCTS_DIR; };
		DBCAE6D81D6CC51200D1F6F0 /* VirtualTouristTests.swift */ = {isa = PBXFileReference; lastKnownFileType = sourcecode.swift; path = VirtualTouristTests.swift; sourceTree = "<group>"; };
		DBCAE6DA1D6CC51200D1F6F0 /* Info.plist */ = {isa = PBXFileReference; lastKnownFileType = text.plist.xml; path = Info.plist; sourceTree = "<group>"; };
		DBCAE6DF1D6CC51200D1F6F0 /* VirtualTouristUITests.xctest */ = {isa = PBXFileReference; explicitFileType = wrapper.cfbundle; includeInIndex = 0; path = VirtualTouristUITests.xctest; sourceTree = BUILT_PRODUCTS_DIR; };
		DBCAE6E31D6CC51200D1F6F0 /* VirtualTouristUITests.swift */ = {isa = PBXFileReference; lastKnownFileType = sourcecode.swift; path = VirtualTouristUITests.swift; sourceTree = "<group>"; };
		DBCAE6E51D6CC51200D1F6F0 /* Info.plist */ = {isa = PBXFileReference; lastKnownFileType = text.plist.xml; path = Info.plist; sourceTree = "<group>"; };
		DBCAE6F31D6CCC8500D1F6F0 /* MapKit.framework */ = {isa = PBXFileReference; lastKnownFileType = wrapper.framework; name = MapKit.framework; path = System/Library/Frameworks/MapKit.framework; sourceTree = SDKROOT; };
		DBCAE6F51D6CDCBE00D1F6F0 /* CollectionViewController.swift */ = {isa = PBXFileReference; fileEncoding = 4; lastKnownFileType = sourcecode.swift; path = CollectionViewController.swift; sourceTree = "<group>"; };
/* End PBXFileReference section */

/* Begin PBXFrameworksBuildPhase section */
		DBCAE6BA1D6CC51100D1F6F0 /* Frameworks */ = {
			isa = PBXFrameworksBuildPhase;
			buildActionMask = 2147483647;
			files = (
				DBCAE6F41D6CCC8500D1F6F0 /* MapKit.framework in Frameworks */,
			);
			runOnlyForDeploymentPostprocessing = 0;
		};
		DBCAE6D11D6CC51200D1F6F0 /* Frameworks */ = {
			isa = PBXFrameworksBuildPhase;
			buildActionMask = 2147483647;
			files = (
			);
			runOnlyForDeploymentPostprocessing = 0;
		};
		DBCAE6DC1D6CC51200D1F6F0 /* Frameworks */ = {
			isa = PBXFrameworksBuildPhase;
			buildActionMask = 2147483647;
			files = (
			);
			runOnlyForDeploymentPostprocessing = 0;
		};
/* End PBXFrameworksBuildPhase section */

/* Begin PBXGroup section */
		DBCAE6B41D6CC51100D1F6F0 = {
			isa = PBXGroup;
			children = (
				DBCAE6F31D6CCC8500D1F6F0 /* MapKit.framework */,
				DBCAE6BF1D6CC51200D1F6F0 /* VirtualTourist */,
				DBCAE6D71D6CC51200D1F6F0 /* VirtualTouristTests */,
				DBCAE6E21D6CC51200D1F6F0 /* VirtualTouristUITests */,
				DBCAE6BE1D6CC51100D1F6F0 /* Products */,
			);
			sourceTree = "<group>";
		};
		DBCAE6BE1D6CC51100D1F6F0 /* Products */ = {
			isa = PBXGroup;
			children = (
				DBCAE6BD1D6CC51100D1F6F0 /* VirtualTourist.app */,
				DBCAE6D41D6CC51200D1F6F0 /* VirtualTouristTests.xctest */,
				DBCAE6DF1D6CC51200D1F6F0 /* VirtualTouristUITests.xctest */,
			);
			name = Products;
			sourceTree = "<group>";
		};
		DBCAE6BF1D6CC51200D1F6F0 /* VirtualTourist */ = {
			isa = PBXGroup;
			children = (
				DB6531CF1D709E76005457B4 /* Pin+CoreDataProperties.swift */,
				DB6531D01D709E76005457B4 /* Pin.swift */,
				DB6531D11D709E76005457B4 /* Photo+CoreDataProperties.swift */,
				DB6531D21D709E76005457B4 /* Photo.swift */,
				DBCAE6C01D6CC51200D1F6F0 /* AppDelegate.swift */,
				DB6531C41D6DF136005457B4 /* FlickrClient.swift */,
				DB6531C81D6DFBDA005457B4 /* Constants.swift */,
				DBCAE6F51D6CDCBE00D1F6F0 /* CollectionViewController.swift */,
				DBCAE6C21D6CC51200D1F6F0 /* MapViewController.swift */,
				DBCAE6C41D6CC51200D1F6F0 /* Main.storyboard */,
				DBCAE6CA1D6CC51200D1F6F0 /* Assets.xcassets */,
				DBCAE6CC1D6CC51200D1F6F0 /* LaunchScreen.storyboard */,
				DBCAE6CF1D6CC51200D1F6F0 /* Info.plist */,
				DBCAE6C71D6CC51200D1F6F0 /* VirtualTourist.xcdatamodeld */,
				DB6531C61D6DF2A8005457B4 /* GCDBlackBox.swift */,
				DB6531CA1D6E2ACC005457B4 /* CustomCell.swift */,
			);
			path = VirtualTourist;
			sourceTree = "<group>";
		};
		DBCAE6D71D6CC51200D1F6F0 /* VirtualTouristTests */ = {
			isa = PBXGroup;
			children = (
				DBCAE6D81D6CC51200D1F6F0 /* VirtualTouristTests.swift */,
				DBCAE6DA1D6CC51200D1F6F0 /* Info.plist */,
			);
			path = VirtualTouristTests;
			sourceTree = "<group>";
		};
		DBCAE6E21D6CC51200D1F6F0 /* VirtualTouristUITests */ = {
			isa = PBXGroup;
			children = (
				DBCAE6E31D6CC51200D1F6F0 /* VirtualTouristUITests.swift */,
				DBCAE6E51D6CC51200D1F6F0 /* Info.plist */,
			);
			path = VirtualTouristUITests;
			sourceTree = "<group>";
		};
/* End PBXGroup section */

/* Begin PBXNativeTarget section */
		DBCAE6BC1D6CC51100D1F6F0 /* VirtualTourist */ = {
			isa = PBXNativeTarget;
			buildConfigurationList = DBCAE6E81D6CC51200D1F6F0 /* Build configuration list for PBXNativeTarget "VirtualTourist" */;
			buildPhases = (
				DBCAE6B91D6CC51100D1F6F0 /* Sources */,
				DBCAE6BA1D6CC51100D1F6F0 /* Frameworks */,
				DBCAE6BB1D6CC51100D1F6F0 /* Resources */,
			);
			buildRules = (
			);
			dependencies = (
			);
			name = VirtualTourist;
			productName = VirtualTourist;
			productReference = DBCAE6BD1D6CC51100D1F6F0 /* VirtualTourist.app */;
			productType = "com.apple.product-type.application";
		};
		DBCAE6D31D6CC51200D1F6F0 /* VirtualTouristTests */ = {
			isa = PBXNativeTarget;
			buildConfigurationList = DBCAE6EB1D6CC51200D1F6F0 /* Build configuration list for PBXNativeTarget "VirtualTouristTests" */;
			buildPhases = (
				DBCAE6D01D6CC51200D1F6F0 /* Sources */,
				DBCAE6D11D6CC51200D1F6F0 /* Frameworks */,
				DBCAE6D21D6CC51200D1F6F0 /* Resources */,
			);
			buildRules = (
			);
			dependencies = (
				DBCAE6D61D6CC51200D1F6F0 /* PBXTargetDependency */,
			);
			name = VirtualTouristTests;
			productName = VirtualTouristTests;
			productReference = DBCAE6D41D6CC51200D1F6F0 /* VirtualTouristTests.xctest */;
			productType = "com.apple.product-type.bundle.unit-test";
		};
		DBCAE6DE1D6CC51200D1F6F0 /* VirtualTouristUITests */ = {
			isa = PBXNativeTarget;
			buildConfigurationList = DBCAE6EE1D6CC51200D1F6F0 /* Build configuration list for PBXNativeTarget "VirtualTouristUITests" */;
			buildPhases = (
				DBCAE6DB1D6CC51200D1F6F0 /* Sources */,
				DBCAE6DC1D6CC51200D1F6F0 /* Frameworks */,
				DBCAE6DD1D6CC51200D1F6F0 /* Resources */,
			);
			buildRules = (
			);
			dependencies = (
				DBCAE6E11D6CC51200D1F6F0 /* PBXTargetDependency */,
			);
			name = VirtualTouristUITests;
			productName = VirtualTouristUITests;
			productReference = DBCAE6DF1D6CC51200D1F6F0 /* VirtualTouristUITests.xctest */;
			productType = "com.apple.product-type.bundle.ui-testing";
		};
/* End PBXNativeTarget section */

/* Begin PBXProject section */
		DBCAE6B51D6CC51100D1F6F0 /* Project object */ = {
			isa = PBXProject;
			attributes = {
				LastSwiftUpdateCheck = 0730;
				LastUpgradeCheck = 0730;
				ORGANIZATIONNAME = "Adam Zarn";
				TargetAttributes = {
					DBCAE6BC1D6CC51100D1F6F0 = {
						CreatedOnToolsVersion = 7.3.1;
					};
					DBCAE6D31D6CC51200D1F6F0 = {
						CreatedOnToolsVersion = 7.3.1;
						TestTargetID = DBCAE6BC1D6CC51100D1F6F0;
					};
					DBCAE6DE1D6CC51200D1F6F0 = {
						CreatedOnToolsVersion = 7.3.1;
						TestTargetID = DBCAE6BC1D6CC51100D1F6F0;
					};
				};
			};
			buildConfigurationList = DBCAE6B81D6CC51100D1F6F0 /* Build configuration list for PBXProject "VirtualTourist" */;
			compatibilityVersion = "Xcode 3.2";
			developmentRegion = English;
			hasScannedForEncodings = 0;
			knownRegions = (
				en,
				Base,
			);
			mainGroup = DBCAE6B41D6CC51100D1F6F0;
			productRefGroup = DBCAE6BE1D6CC51100D1F6F0 /* Products */;
			projectDirPath = "";
			projectRoot = "";
			targets = (
				DBCAE6BC1D6CC51100D1F6F0 /* VirtualTourist */,
				DBCAE6D31D6CC51200D1F6F0 /* VirtualTouristTests */,
				DBCAE6DE1D6CC51200D1F6F0 /* VirtualTouristUITests */,
			);
		};
/* End PBXProject section */

/* Begin PBXResourcesBuildPhase section */
		DBCAE6BB1D6CC51100D1F6F0 /* Resources */ = {
			isa = PBXResourcesBuildPhase;
			buildActionMask = 2147483647;
			files = (
				DBCAE6CE1D6CC51200D1F6F0 /* LaunchScreen.storyboard in Resources */,
				DBCAE6CB1D6CC51200D1F6F0 /* Assets.xcassets in Resources */,
				DBCAE6C61D6CC51200D1F6F0 /* Main.storyboard in Resources */,
			);
			runOnlyForDeploymentPostprocessing = 0;
		};
		DBCAE6D21D6CC51200D1F6F0 /* Resources */ = {
			isa = PBXResourcesBuildPhase;
			buildActionMask = 2147483647;
			files = (
			);
			runOnlyForDeploymentPostprocessing = 0;
		};
		DBCAE6DD1D6CC51200D1F6F0 /* Resources */ = {
			isa = PBXResourcesBuildPhase;
			buildActionMask = 2147483647;
			files = (
			);
			runOnlyForDeploymentPostprocessing = 0;
		};
/* End PBXResourcesBuildPhase section */

/* Begin PBXSourcesBuildPhase section */
		DBCAE6B91D6CC51100D1F6F0 /* Sources */ = {
			isa = PBXSourcesBuildPhase;
			buildActionMask = 2147483647;
			files = (
				DB6531D61D709E76005457B4 /* Photo.swift in Sources */,
				DBCAE6F61D6CDCBE00D1F6F0 /* CollectionViewController.swift in Sources */,
				DB6531D31D709E76005457B4 /* Pin+CoreDataProperties.swift in Sources */,
				DB6531C51D6DF136005457B4 /* FlickrClient.swift in Sources */,
				DBCAE6C31D6CC51200D1F6F0 /* MapViewController.swift in Sources */,
				DBCAE6C11D6CC51200D1F6F0 /* AppDelegate.swift in Sources */,
				DB6531D41D709E76005457B4 /* Pin.swift in Sources */,
				DB6531C91D6DFBDA005457B4 /* Constants.swift in Sources */,
				DB6531C71D6DF2A8005457B4 /* GCDBlackBox.swift in Sources */,
				DB6531D51D709E76005457B4 /* Photo+CoreDataProperties.swift in Sources */,
				DB6531CB1D6E2ACC005457B4 /* CustomCell.swift in Sources */,
				DBCAE6C91D6CC51200D1F6F0 /* VirtualTourist.xcdatamodeld in Sources */,
			);
			runOnlyForDeploymentPostprocessing = 0;
		};
		DBCAE6D01D6CC51200D1F6F0 /* Sources */ = {
			isa = PBXSourcesBuildPhase;
			buildActionMask = 2147483647;
			files = (
				DBCAE6D91D6CC51200D1F6F0 /* VirtualTouristTests.swift in Sources */,
			);
			runOnlyForDeploymentPostprocessing = 0;
		};
		DBCAE6DB1D6CC51200D1F6F0 /* Sources */ = {
			isa = PBXSourcesBuildPhase;
			buildActionMask = 2147483647;
			files = (
				DBCAE6E41D6CC51200D1F6F0 /* VirtualTouristUITests.swift in Sources */,
			);
			runOnlyForDeploymentPostprocessing = 0;
		};
/* End PBXSourcesBuildPhase section */

/* Begin PBXTargetDependency section */
		DBCAE6D61D6CC51200D1F6F0 /* PBXTargetDependency */ = {
			isa = PBXTargetDependency;
			target = DBCAE6BC1D6CC51100D1F6F0 /* VirtualTourist */;
			targetProxy = DBCAE6D51D6CC51200D1F6F0 /* PBXContainerItemProxy */;
		};
		DBCAE6E11D6CC51200D1F6F0 /* PBXTargetDependency */ = {
			isa = PBXTargetDependency;
			target = DBCAE6BC1D6CC51100D1F6F0 /* VirtualTourist */;
			targetProxy = DBCAE6E01D6CC51200D1F6F0 /* PBXContainerItemProxy */;
		};
/* End PBXTargetDependency section */

/* Begin PBXVariantGroup section */
		DBCAE6C41D6CC51200D1F6F0 /* Main.storyboard */ = {
			isa = PBXVariantGroup;
			children = (
				DBCAE6C51D6CC51200D1F6F0 /* Base */,
			);
			name = Main.storyboard;
			sourceTree = "<group>";
		};
		DBCAE6CC1D6CC51200D1F6F0 /* LaunchScreen.storyboard */ = {
			isa = PBXVariantGroup;
			children = (
				DBCAE6CD1D6CC51200D1F6F0 /* Base */,
			);
			name = LaunchScreen.storyboard;
			sourceTree = "<group>";
		};
/* End PBXVariantGroup section */

/* Begin XCBuildConfiguration section */
		DBCAE6E61D6CC51200D1F6F0 /* Debug */ = {
			isa = XCBuildConfiguration;
			buildSettings = {
				ALWAYS_SEARCH_USER_PATHS = NO;
				CLANG_ANALYZER_NONNULL = YES;
				CLANG_CXX_LANGUAGE_STANDARD = "gnu++0x";
				CLANG_CXX_LIBRARY = "libc++";
				CLANG_ENABLE_MODULES = YES;
				CLANG_ENABLE_OBJC_ARC = YES;
				CLANG_WARN_BOOL_CONVERSION = YES;
				CLANG_WARN_CONSTANT_CONVERSION = YES;
				CLANG_WARN_DIRECT_OBJC_ISA_USAGE = YES_ERROR;
				CLANG_WARN_EMPTY_BODY = YES;
				CLANG_WARN_ENUM_CONVERSION = YES;
				CLANG_WARN_INT_CONVERSION = YES;
				CLANG_WARN_OBJC_ROOT_CLASS = YES_ERROR;
				CLANG_WARN_UNREACHABLE_CODE = YES;
				CLANG_WARN__DUPLICATE_METHOD_MATCH = YES;
				"CODE_SIGN_IDENTITY[sdk=iphoneos*]" = "iPhone Developer";
				COPY_PHASE_STRIP = NO;
				DEBUG_INFORMATION_FORMAT = dwarf;
				ENABLE_STRICT_OBJC_MSGSEND = YES;
				ENABLE_TESTABILITY = YES;
				GCC_C_LANGUAGE_STANDARD = gnu99;
				GCC_DYNAMIC_NO_PIC = NO;
				GCC_NO_COMMON_BLOCKS = YES;
				GCC_OPTIMIZATION_LEVEL = 0;
				GCC_PREPROCESSOR_DEFINITIONS = (
					"DEBUG=1",
					"$(inherited)",
				);
				GCC_WARN_64_TO_32_BIT_CONVERSION = YES;
				GCC_WARN_ABOUT_RETURN_TYPE = YES_ERROR;
				GCC_WARN_UNDECLARED_SELECTOR = YES;
				GCC_WARN_UNINITIALIZED_AUTOS = YES_AGGRESSIVE;
				GCC_WARN_UNUSED_FUNCTION = YES;
				GCC_WARN_UNUSED_VARIABLE = YES;
				IPHONEOS_DEPLOYMENT_TARGET = 9.3;
				MTL_ENABLE_DEBUG_INFO = YES;
				ONLY_ACTIVE_ARCH = YES;
				SDKROOT = iphoneos;
				SWIFT_OPTIMIZATION_LEVEL = "-Onone";
			};
			name = Debug;
		};
		DBCAE6E71D6CC51200D1F6F0 /* Release */ = {
			isa = XCBuildConfiguration;
			buildSettings = {
				ALWAYS_SEARCH_USER_PATHS = NO;
				CLANG_ANALYZER_NONNULL = YES;
				CLANG_CXX_LANGUAGE_STANDARD = "gnu++0x";
				CLANG_CXX_LIBRARY = "libc++";
				CLANG_ENABLE_MODULES = YES;
				CLANG_ENABLE_OBJC_ARC = YES;
				CLANG_WARN_BOOL_CONVERSION = YES;
				CLANG_WARN_CONSTANT_CONVERSION = YES;
				CLANG_WARN_DIRECT_OBJC_ISA_USAGE = YES_ERROR;
				CLANG_WARN_EMPTY_BODY = YES;
				CLANG_WARN_ENUM_CONVERSION = YES;
				CLANG_WARN_INT_CONVERSION = YES;
				CLANG_WARN_OBJC_ROOT_CLASS = YES_ERROR;
				CLANG_WARN_UNREACHABLE_CODE = YES;
				CLANG_WARN__DUPLICATE_METHOD_MATCH = YES;
				"CODE_SIGN_IDENTITY[sdk=iphoneos*]" = "iPhone Developer";
				COPY_PHASE_STRIP = NO;
				DEBUG_INFORMATION_FORMAT = "dwarf-with-dsym";
				ENABLE_NS_ASSERTIONS = NO;
				ENABLE_STRICT_OBJC_MSGSEND = YES;
				GCC_C_LANGUAGE_STANDARD = gnu99;
				GCC_NO_COMMON_BLOCKS = YES;
				GCC_WARN_64_TO_32_BIT_CONVERSION = YES;
				GCC_WARN_ABOUT_RETURN_TYPE = YES_ERROR;
				GCC_WARN_UNDECLARED_SELECTOR = YES;
				GCC_WARN_UNINITIALIZED_AUTOS = YES_AGGRESSIVE;
				GCC_WARN_UNUSED_FUNCTION = YES;
				GCC_WARN_UNUSED_VARIABLE = YES;
				IPHONEOS_DEPLOYMENT_TARGET = 9.3;
				MTL_ENABLE_DEBUG_INFO = NO;
				SDKROOT = iphoneos;
				VALIDATE_PRODUCT = YES;
			};
			name = Release;
		};
		DBCAE6E91D6CC51200D1F6F0 /* Debug */ = {
			isa = XCBuildConfiguration;
			buildSettings = {
				ASSETCATALOG_COMPILER_APPICON_NAME = AppIcon;
				INFOPLIST_FILE = VirtualTourist/Info.plist;
				LD_RUNPATH_SEARCH_PATHS = "$(inherited) @executable_path/Frameworks";
				PRODUCT_BUNDLE_IDENTIFIER = AJZ.VirtualTourist;
				PRODUCT_NAME = "$(TARGET_NAME)";
			};
			name = Debug;
		};
		DBCAE6EA1D6CC51200D1F6F0 /* Release */ = {
			isa = XCBuildConfiguration;
			buildSettings = {
				ASSETCATALOG_COMPILER_APPICON_NAME = AppIcon;
				INFOPLIST_FILE = VirtualTourist/Info.plist;
				LD_RUNPATH_SEARCH_PATHS = "$(inherited) @executable_path/Frameworks";
				PRODUCT_BUNDLE_IDENTIFIER = AJZ.VirtualTourist;
				PRODUCT_NAME = "$(TARGET_NAME)";
			};
			name = Release;
		};
		DBCAE6EC1D6CC51200D1F6F0 /* Debug */ = {
			isa = XCBuildConfiguration;
			buildSettings = {
				BUNDLE_LOADER = "$(TEST_HOST)";
				INFOPLIST_FILE = VirtualTouristTests/Info.plist;
				LD_RUNPATH_SEARCH_PATHS = "$(inherited) @executable_path/Frameworks @loader_path/Frameworks";
				PRODUCT_BUNDLE_IDENTIFIER = AJZ.VirtualTouristTests;
				PRODUCT_NAME = "$(TARGET_NAME)";
				TEST_HOST = "$(BUILT_PRODUCTS_DIR)/VirtualTourist.app/VirtualTourist";
			};
			name = Debug;
		};
		DBCAE6ED1D6CC51200D1F6F0 /* Release */ = {
			isa = XCBuildConfiguration;
			buildSettings = {
				BUNDLE_LOADER = "$(TEST_HOST)";
				INFOPLIST_FILE = VirtualTouristTests/Info.plist;
				LD_RUNPATH_SEARCH_PATHS = "$(inherited) @executable_path/Frameworks @loader_path/Frameworks";
				PRODUCT_BUNDLE_IDENTIFIER = AJZ.VirtualTouristTests;
				PRODUCT_NAME = "$(TARGET_NAME)";
				TEST_HOST = "$(BUILT_PRODUCTS_DIR)/VirtualTourist.app/VirtualTourist";
			};
			name = Release;
		};
		DBCAE6EF1D6CC51200D1F6F0 /* Debug */ = {
			isa = XCBuildConfiguration;
			buildSettings = {
				INFOPLIST_FILE = VirtualTouristUITests/Info.plist;
				LD_RUNPATH_SEARCH_PATHS = "$(inherited) @executable_path/Frameworks @loader_path/Frameworks";
				PRODUCT_BUNDLE_IDENTIFIER = AJZ.VirtualTouristUITests;
				PRODUCT_NAME = "$(TARGET_NAME)";
				TEST_TARGET_NAME = VirtualTourist;
			};
			name = Debug;
		};
		DBCAE6F01D6CC51200D1F6F0 /* Release */ = {
			isa = XCBuildConfiguration;
			buildSettings = {
				INFOPLIST_FILE = VirtualTouristUITests/Info.plist;
				LD_RUNPATH_SEARCH_PATHS = "$(inherited) @executable_path/Frameworks @loader_path/Frameworks";
				PRODUCT_BUNDLE_IDENTIFIER = AJZ.VirtualTouristUITests;
				PRODUCT_NAME = "$(TARGET_NAME)";
				TEST_TARGET_NAME = VirtualTourist;
			};
			name = Release;
		};
/* End XCBuildConfiguration section */

/* Begin XCConfigurationList section */
		DBCAE6B81D6CC51100D1F6F0 /* Build configuration list for PBXProject "VirtualTourist" */ = {
			isa = XCConfigurationList;
			buildConfigurations = (
				DBCAE6E61D6CC51200D1F6F0 /* Debug */,
				DBCAE6E71D6CC51200D1F6F0 /* Release */,
			);
			defaultConfigurationIsVisible = 0;
			defaultConfigurationName = Release;
		};
		DBCAE6E81D6CC51200D1F6F0 /* Build configuration list for PBXNativeTarget "VirtualTourist" */ = {
			isa = XCConfigurationList;
			buildConfigurations = (
				DBCAE6E91D6CC51200D1F6F0 /* Debug */,
				DBCAE6EA1D6CC51200D1F6F0 /* Release */,
			);
			defaultConfigurationIsVisible = 0;
			defaultConfigurationName = Release;
		};
		DBCAE6EB1D6CC51200D1F6F0 /* Build configuration list for PBXNativeTarget "VirtualTouristTests" */ = {
			isa = XCConfigurationList;
			buildConfigurations = (
				DBCAE6EC1D6CC51200D1F6F0 /* Debug */,
				DBCAE6ED1D6CC51200D1F6F0 /* Release */,
			);
			defaultConfigurationIsVisible = 0;
			defaultConfigurationName = Release;
		};
		DBCAE6EE1D6CC51200D1F6F0 /* Build configuration list for PBXNativeTarget "VirtualTouristUITests" */ = {
			isa = XCConfigurationList;
			buildConfigurations = (
				DBCAE6EF1D6CC51200D1F6F0 /* Debug */,
				DBCAE6F01D6CC51200D1F6F0 /* Release */,
			);
			defaultConfigurationIsVisible = 0;
			defaultConfigurationName = Release;
		};
/* End XCConfigurationList section */

/* Begin XCVersionGroup section */
		DBCAE6C71D6CC51200D1F6F0 /* VirtualTourist.xcdatamodeld */ = {
			isa = XCVersionGroup;
			children = (
				DBCAE6C81D6CC51200D1F6F0 /* VirtualTourist.xcdatamodel */,
			);
			currentVersion = DBCAE6C81D6CC51200D1F6F0 /* VirtualTourist.xcdatamodel */;
			path = VirtualTourist.xcdatamodeld;
			sourceTree = "<group>";
			versionGroupType = wrapper.xcdatamodel;
		};
/* End XCVersionGroup section */
	};
	rootObject = DBCAE6B51D6CC51100D1F6F0 /* Project object */;
}
